github.com/BurntSushi/toml v0.3.1/go.mod h1:xHWCNGjB5oqiDr8zfno3MHue2Ht5sIBksp03qcyfWMU=
github.com/PaulSonOfLars/gotgbot/v2 v2.0.0-beta13 h1:F4qg3Q9zHKKZTBKOPFdQLBFIq57zsqqoIU87B4AeVR0=
github.com/PaulSonOfLars/gotgbot/v2 v2.0.0-beta13/go.mod h1:r815fYWTudnU9JhtsJAxUtuV7QrSgKpChJkfTSMFpfg=
github.com/gotgcalls/gotgcalls v0.0.0-20210722113354-46414207c448 h1:6WTtlRCuUxDHwUPWoTE1jGum82J3M24tb4vsecFJIq8=
github.com/gotgcalls/gotgcalls v0.0.0-20210722113354-46414207c448/go.mod h1:6APMxIPip3dszV0PxKUrjHGyyVFtN17o/GQ1C11Dodc=
github.com/gotgcalls/gotgcalls v0.0.0-20210722140844-f45f355541d4 h1:bds/ObPtu1MlkUW1NsUmyLf7TzJWxUrYu1robvRHKZ0=
github.com/gotgcalls/gotgcalls v0.0.0-20210722140844-f45f355541d4/go.mod h1:6APMxIPip3dszV0PxKUrjHGyyVFtN17o/GQ1C11Dodc=
github.com/gotgcalls/gotgcalls v1.0.0 h1:BFZf9Mz7wACmQD4ymX+0ZhAzekAOk7tdqpGTSF/JVKA=
github.com/gotgcalls/gotgcalls v1.0.0/go.mod h1:6APMxIPip3dszV0PxKUrjHGyyVFtN17o/GQ1C11Dodc=
github.com/joho/godotenv v1.3.0 h1:Zjp+RcGpHhGlrMbJzXTrZZPrWj+1vfm90La1wgB6Bhc=
github.com/joho/godotenv v1.3.0/go.mod h1:7hK45KPybAkOC6peb+G5yklZfMxEjkZhHbwpqxOKXbg=
github.com/nicksnyder/go-i18n/v2 v2.1.2 h1:QHYxcUJnGHBaq7XbvgunmZ2Pn0focXFqTD61CkH146c=
github.com/nicksnyder/go-i18n/v2 v2.1.2/go.mod h1:d++QJC9ZVf7pa48qrsRWhMJ5pSHIPmS3OLqK1niyLxs=
golang.org/x/text v0.3.3 h1:cokOdA+Jmi5PJGXLlLllQSgYigAEfHXJAERHVMaCc2k=
golang.org/x/text v0.3.3/go.mod h1:5Zoc/QRtKVWzQhOtBMvqHzDpF6irO9z98xDceosuGiQ=
golang.org/x/text v0.3.6 h1:aRYxNxv6iGQlyVaZmk6ZgYEDa+Jg18DxebPSrd6bg1M=
golang.org/x/text v0.3.6/go.mod h1:5Zoc/QRtKVWzQhOtBMvqHzDpF6irO9z98xDceosuGiQ=
golang.org/x/tools v0.0.0-20180917221912-90fa682c2a6e/go.mod h1:n7NCudcB/nEzxVGmLbDWY5pfWTLqBcC2KZ6jyYvM4mQ=
gopkg.in/check.v1 v0.0.0-20161208181325-20d25e280405/go.mod h1:Co6ibVJAznAaIkqp8huTwlJQCZ016jof/cbN4VW5Yz0=
gopkg.in/yaml.v2 v2.3.0/go.mod h1:hI93XBmqTisBFMUTm0b8Fm+jr3Dg1NNxqwp+5A1VGuI=
